
Microsoft Visual Studio Solution File, Format Version 11.00
# Visual Studio 2010
Project("{FAE04EC0-301F-11D3-BF4B-00C04F79EFBC}") = "Proxmulator", "Proxmulator\Proxmulator.csproj", "{379B4B4C-046E-487A-9A9D-B74BE5066292}"
EndProject
Project("{FAE04EC0-301F-11D3-BF4B-00C04F79EFBC}") = "XmlEditor", "XmlEditor\XmlEditor.csproj", "{3343BB8A-48CB-44D1-9990-E88E5C49CB67}"
EndProject
Global
	GlobalSection(SolutionConfigurationPlatforms) = preSolution
		Debug|Any CPU = Debug|Any CPU
		Debug|Mixed Platforms = Debug|Mixed Platforms
		Debug|x86 = Debug|x86
		Release|Any CPU = Release|Any CPU
		Release|Mixed Platforms = Release|Mixed Platforms
		Release|x86 = Release|x86
	EndGlobalSection
	GlobalSection(ProjectConfigurationPlatforms) = postSolution
		{379B4B4C-046E-487A-9A9D-B74BE5066292}.Debug|Any CPU.ActiveCfg = Debug|x86
		{379B4B4C-046E-487A-9A9D-B74BE5066292}.Debug|Mixed Platforms.ActiveCfg = Debug|x86
		{379B4B4C-046E-487A-9A9D-B74BE5066292}.Debug|Mixed Platforms.Build.0 = Debug|x86
		{379B4B4C-046E-487A-9A9D-B74BE5066292}.Debug|x86.ActiveCfg = Debug|x86
		{379B4B4C-046E-487A-9A9D-B74BE5066292}.Debug|x86.Build.0 = Debug|x86
		{379B4B4C-046E-487A-9A9D-B74BE5066292}.Release|Any CPU.ActiveCfg = Release|x86
		{379B4B4C-046E-487A-9A9D-B74BE5066292}.Release|Mixed Platforms.ActiveCfg = Release|x86
		{379B4B4C-046E-487A-9A9D-B74BE5066292}.Release|Mixed Platforms.Build.0 = Release|x86
		{379B4B4C-046E-487A-9A9D-B74BE5066292}.Release|x86.ActiveCfg = Release|x86
		{379B4B4C-046E-487A-9A9D-B74BE5066292}.Release|x86.Build.0 = Release|x86
		{3343BB8A-48CB-44D1-9990-E88E5C49CB67}.Debug|Any CPU.ActiveCfg = Debug|Any CPU
		{3343BB8A-48CB-44D1-9990-E88E5C49CB67}.Debug|Any CPU.Build.0 = Debug|Any CPU
		{3343BB8A-48CB-44D1-9990-E88E5C49CB67}.Debug|Mixed Platforms.ActiveCfg = Debug|Any CPU
		{3343BB8A-48CB-44D1-9990-E88E5C49CB67}.Debug|Mixed Platforms.Build.0 = Debug|Any CPU
		{3343BB8A-48CB-44D1-9990-E88E5C49CB67}.Debug|x86.ActiveCfg = Debug|Any CPU
		{3343BB8A-48CB-44D1-9990-E88E5C49CB67}.Release|Any CPU.ActiveCfg = Release|Any CPU
		{3343BB8A-48CB-44D1-9990-E88E5C49CB67}.Release|Any CPU.Build.0 = Release|Any CPU
		{3343BB8A-48CB-44D1-9990-E88E5C49CB67}.Release|Mixed Platforms.ActiveCfg = Release|Any CPU
		{3343BB8A-48CB-44D1-9990-E88E5C49CB67}.Release|Mixed Platforms.Build.0 = Release|Any CPU
		{3343BB8A-48CB-44D1-9990-E88E5C49CB67}.Release|x86.ActiveCfg = Release|Any CPU
	EndGlobalSection
	GlobalSection(SolutionProperties) = preSolution
		HideSolutionNode = FALSE
	EndGlobalSection
EndGlobal
