
Microsoft Visual Studio Solution File, Format Version 10.00
# Visual Studio 2008
Project("{FAE04EC0-301F-11D3-BF4B-00C04F79EFBC}") = "XmlViewer", "XmlViewer\XmlViewer.csproj", "{A9546A60-40DF-4C5F-A74E-729303093E09}"
EndProject
Global
	GlobalSection(SolutionConfigurationPlatforms) = preSolution
		Debug|Any CPU = Debug|Any CPU
		Release|Any CPU = Release|Any CPU
	EndGlobalSection
	GlobalSection(ProjectConfigurationPlatforms) = postSolution
		{A9546A60-40DF-4C5F-A74E-729303093E09}.Debug|Any CPU.ActiveCfg = Debug|Any CPU
		{A9546A60-40DF-4C5F-A74E-729303093E09}.Debug|Any CPU.Build.0 = Debug|Any CPU
		{A9546A60-40DF-4C5F-A74E-729303093E09}.Release|Any CPU.ActiveCfg = Release|Any CPU
		{A9546A60-40DF-4C5F-A74E-729303093E09}.Release|Any CPU.Build.0 = Release|Any CPU
	EndGlobalSection
	GlobalSection(SolutionProperties) = preSolution
		HideSolutionNode = FALSE
	EndGlobalSection
EndGlobal
